{
  "nodes": {
    "nixpkgs": {
      "locked": {
        "lastModified": 1663361008,
        "narHash": "sha256-6PHKQK3ITVkwhGzO1zFsRae5UkSlO+sH8/NJQvmAI6Q=",
        "owner": "NixOS",
        "repo": "nixpkgs",
        "rev": "9921c621ed25f7a2c64a7e3a95101e9ef7e8a4e6",
        "type": "github"
      },
      "original": {
        "owner": "NixOS",
        "repo": "nixpkgs",
        "rev": "9921c621ed25f7a2c64a7e3a95101e9ef7e8a4e6",
        "type": "github"
      }
    },
    "root": {
      "inputs": {
        "nixpkgs": "nixpkgs"
      }
    }
  },
  "root": "root",
  "version": 7
}
